
Microsoft Visual Studio Solution File, Format Version 12.00
# Visual Studio Version 16
VisualStudioVersion = 16.0.30011.22
MinimumVisualStudioVersion = 10.0.40219.1
Project("{FAE04EC0-301F-11D3-BF4B-00C04F79EFBC}") = "azurekinectsample6", "azurekinectsample6\azurekinectsample6.csproj", "{161C94CB-DC0C-452A-B61B-BE14DBD42503}"
EndProject
Global
	GlobalSection(SolutionConfigurationPlatforms) = preSolution
		Debug|Any CPU = Debug|Any CPU
		Debug|x64 = Debug|x64
		Release|Any CPU = Release|Any CPU
		Release|x64 = Release|x64
	EndGlobalSection
	GlobalSection(ProjectConfigurationPlatforms) = postSolution
		{161C94CB-DC0C-452A-B61B-BE14DBD42503}.Debug|Any CPU.ActiveCfg = Debug|Any CPU
		{161C94CB-DC0C-452A-B61B-BE14DBD42503}.Debug|Any CPU.Build.0 = Debug|Any CPU
		{161C94CB-DC0C-452A-B61B-BE14DBD42503}.Debug|x64.ActiveCfg = Debug|x64
		{161C94CB-DC0C-452A-B61B-BE14DBD42503}.Debug|x64.Build.0 = Debug|x64
		{161C94CB-DC0C-452A-B61B-BE14DBD42503}.Release|Any CPU.ActiveCfg = Release|Any CPU
		{161C94CB-DC0C-452A-B61B-BE14DBD42503}.Release|Any CPU.Build.0 = Release|Any CPU
		{161C94CB-DC0C-452A-B61B-BE14DBD42503}.Release|x64.ActiveCfg = Release|x64
		{161C94CB-DC0C-452A-B61B-BE14DBD42503}.Release|x64.Build.0 = Release|x64
	EndGlobalSection
	GlobalSection(SolutionProperties) = preSolution
		HideSolutionNode = FALSE
	EndGlobalSection
	GlobalSection(ExtensibilityGlobals) = postSolution
		SolutionGuid = {17090F6A-3D9C-4357-A7FF-A2C62CB17E44}
	EndGlobalSection
EndGlobal
